// !$*UTF8*$!
{
	archiveVersion = 1;
	classes = {
	};
	objectVersion = 46;
	objects = {

/* Begin PBXBuildFile section */
		07D5B0C2E9DC759B4F51E75D /* Pods_BooktrixTests.framework in Frameworks */ = {isa = PBXBuildFile; fileRef = 5CED97D6219593A489A44893 /* Pods_BooktrixTests.framework */; };
		1A117BAE1EC8D81E00B4D76F /* SignInViewController.swift in Sources */ = {isa = PBXBuildFile; fileRef = 1A117BAD1EC8D81E00B4D76F /* SignInViewController.swift */; };
		1A117BB11EC8E7C100B4D76F /* SignUpView.storyboard in Resources */ = {isa = PBXBuildFile; fileRef = 1A117BB01EC8E7C100B4D76F /* SignUpView.storyboard */; };
		1A117BB31EC8E9C500B4D76F /* SignInViewModel.swift in Sources */ = {isa = PBXBuildFile; fileRef = 1A117BB21EC8E9C500B4D76F /* SignInViewModel.swift */; };
		1A117BB51EC8EB5900B4D76F /* SignUpViewController.swift in Sources */ = {isa = PBXBuildFile; fileRef = 1A117BB41EC8EB5900B4D76F /* SignUpViewController.swift */; };
		1A117BB81EC8EBD200B4D76F /* UITextField+Prepare.swift in Sources */ = {isa = PBXBuildFile; fileRef = 1A117BB71EC8EBD200B4D76F /* UITextField+Prepare.swift */; };
		1A117BBC1EC8F45200B4D76F /* UIViewController+Storyboard.swift in Sources */ = {isa = PBXBuildFile; fileRef = 1A117BBB1EC8F45200B4D76F /* UIViewController+Storyboard.swift */; };
		1A117BBF1EC912CE00B4D76F /* Alamofire.framework in Frameworks */ = {isa = PBXBuildFile; fileRef = 1A117BBD1EC912CE00B4D76F /* Alamofire.framework */; };
		1A117BC41ECA331500B4D76F /* TextFieldConfiguration.swift in Sources */ = {isa = PBXBuildFile; fileRef = 1A117BC31ECA331500B4D76F /* TextFieldConfiguration.swift */; };
		1A117BC71ECBAB4900B4D76F /* Request.swift in Sources */ = {isa = PBXBuildFile; fileRef = 1A117BC61ECBAB4900B4D76F /* Request.swift */; };
		1A117BC91ECBBC1000B4D76F /* JSONCodable.framework in Frameworks */ = {isa = PBXBuildFile; fileRef = 1A117BC81ECBBC1000B4D76F /* JSONCodable.framework */; };
		1A117BCB1ECBBC4C00B4D76F /* ApiRequester.swift in Sources */ = {isa = PBXBuildFile; fileRef = 1A117BCA1ECBBC4C00B4D76F /* ApiRequester.swift */; };
		1A117BCD1ECC553600B4D76F /* KeychainAccess.framework in Frameworks */ = {isa = PBXBuildFile; fileRef = 1A117BCC1ECC553600B4D76F /* KeychainAccess.framework */; };
		1A117BD01ECC55AD00B4D76F /* KeychainStorage.swift in Sources */ = {isa = PBXBuildFile; fileRef = 1A117BCF1ECC55AD00B4D76F /* KeychainStorage.swift */; };
		1A117BD31ECC563F00B4D76F /* User.swift in Sources */ = {isa = PBXBuildFile; fileRef = 1A117BD21ECC563F00B4D76F /* User.swift */; };
		1A117BD51ECC5AA900B4D76F /* ApiClient.swift in Sources */ = {isa = PBXBuildFile; fileRef = 1A117BD41ECC5AA900B4D76F /* ApiClient.swift */; };
		1A117BD71ECC5B3D00B4D76F /* RequestParams.swift in Sources */ = {isa = PBXBuildFile; fileRef = 1A117BD61ECC5B3D00B4D76F /* RequestParams.swift */; };
		1A117BDD1ECC5DE200B4D76F /* UserService.swift in Sources */ = {isa = PBXBuildFile; fileRef = 1A117BDC1ECC5DE200B4D76F /* UserService.swift */; };
		1A9DC7E01ECC62BB001F0EB4 /* SignUpViewModel.swift in Sources */ = {isa = PBXBuildFile; fileRef = 1A9DC7DF1ECC62BB001F0EB4 /* SignUpViewModel.swift */; };
		1A9DC7E41ECC69AF001F0EB4 /* PKHUD.framework in Frameworks */ = {isa = PBXBuildFile; fileRef = 1A9DC7E31ECC69AF001F0EB4 /* PKHUD.framework */; };
		1A9DC7E61ECC6D52001F0EB4 /* UIViewController+HUD.swift in Sources */ = {isa = PBXBuildFile; fileRef = 1A9DC7E51ECC6D52001F0EB4 /* UIViewController+HUD.swift */; };
		1A9DC7E91ECC780D001F0EB4 /* StringValidation.swift in Sources */ = {isa = PBXBuildFile; fileRef = 1A9DC7E81ECC780D001F0EB4 /* StringValidation.swift */; };
		1A9DC7F51ECCDCF2001F0EB4 /* LocalizedString.swift in Sources */ = {isa = PBXBuildFile; fileRef = 1A9DC7F41ECCDCF2001F0EB4 /* LocalizedString.swift */; };
		1A9DC7F81ECCE541001F0EB4 /* Localizable.strings in Resources */ = {isa = PBXBuildFile; fileRef = 1A9DC7FA1ECCE541001F0EB4 /* Localizable.strings */; };
		1A9DC7FD1ECCED79001F0EB4 /* Validator.swift in Sources */ = {isa = PBXBuildFile; fileRef = 1A9DC7FC1ECCED79001F0EB4 /* Validator.swift */; };
		1A9DC7FF1ECE13DC001F0EB4 /* FieldValidationName.swift in Sources */ = {isa = PBXBuildFile; fileRef = 1A9DC7FE1ECE13DC001F0EB4 /* FieldValidationName.swift */; };
		1A9DC8011ECE41D1001F0EB4 /* UIViewController+SwiftNotifications.swift in Sources */ = {isa = PBXBuildFile; fileRef = 1A9DC8001ECE41D1001F0EB4 /* UIViewController+SwiftNotifications.swift */; };
		1AB1A09E1ECFAF9C00E40A6D /* BRYXBanner.framework in Frameworks */ = {isa = PBXBuildFile; fileRef = 1AB1A09D1ECFAF9C00E40A6D /* BRYXBanner.framework */; };
		1AB1A0A01ED1050300E40A6D /* ActivitiesView.storyboard in Resources */ = {isa = PBXBuildFile; fileRef = 1AB1A09F1ED1050300E40A6D /* ActivitiesView.storyboard */; };
		1AB1A0A31ED1115A00E40A6D /* ActivitiesViewController.swift in Sources */ = {isa = PBXBuildFile; fileRef = 1AB1A0A21ED1115A00E40A6D /* ActivitiesViewController.swift */; };
		1AB1A0BA1ED22E8D00E40A6D /* StoryboardWireframe.swift in Sources */ = {isa = PBXBuildFile; fileRef = 1AB1A0B91ED22E8D00E40A6D /* StoryboardWireframe.swift */; };
		1AB1A0BC1ED22FB800E40A6D /* Wireframe.swift in Sources */ = {isa = PBXBuildFile; fileRef = 1AB1A0BB1ED22FB800E40A6D /* Wireframe.swift */; };
		1AB1A0BE1ED232AD00E40A6D /* Instantiatior.swift in Sources */ = {isa = PBXBuildFile; fileRef = 1AB1A0BD1ED232AD00E40A6D /* Instantiatior.swift */; };
		1AB1A0C01ED23A3D00E40A6D /* StoryboardIdentifiable.swift in Sources */ = {isa = PBXBuildFile; fileRef = 1AB1A0BF1ED23A3D00E40A6D /* StoryboardIdentifiable.swift */; };
		1AB1A0C21ED3844F00E40A6D /* DisplayableError.swift in Sources */ = {isa = PBXBuildFile; fileRef = 1AB1A0C11ED3844F00E40A6D /* DisplayableError.swift */; };
		1AB1A0C41ED4C27D00E40A6D /* RootView.storyboard in Resources */ = {isa = PBXBuildFile; fileRef = 1AB1A0C31ED4C27D00E40A6D /* RootView.storyboard */; };
		1AB1A0CB1ED4D3C000E40A6D /* SignInView.storyboard in Resources */ = {isa = PBXBuildFile; fileRef = 1AB1A0CA1ED4D3C000E40A6D /* SignInView.storyboard */; };
		1AB1A0CD1ED4D73100E40A6D /* SearchView.storyboard in Resources */ = {isa = PBXBuildFile; fileRef = 1AB1A0CC1ED4D73100E40A6D /* SearchView.storyboard */; };
		1AB1A0D41ED4DC1900E40A6D /* BookshelfView.storyboard in Resources */ = {isa = PBXBuildFile; fileRef = 1AB1A0D31ED4DC1900E40A6D /* BookshelfView.storyboard */; };
		1AB1A0D61ED4DC2000E40A6D /* ListsView.storyboard in Resources */ = {isa = PBXBuildFile; fileRef = 1AB1A0D51ED4DC2000E40A6D /* ListsView.storyboard */; };
		1AB1A0D81ED4DC2800E40A6D /* GiftsView.storyboard in Resources */ = {isa = PBXBuildFile; fileRef = 1AB1A0D71ED4DC2800E40A6D /* GiftsView.storyboard */; };
		1AB1A0DA1ED4DC2F00E40A6D /* FriendsView.storyboard in Resources */ = {isa = PBXBuildFile; fileRef = 1AB1A0D91ED4DC2F00E40A6D /* FriendsView.storyboard */; };
		1AB1A0DC1ED4DC3B00E40A6D /* SettingsView.storyboard in Resources */ = {isa = PBXBuildFile; fileRef = 1AB1A0DB1ED4DC3B00E40A6D /* SettingsView.storyboard */; };
		1AB1A0E11ED4EEA200E40A6D /* RootViewController.swift in Sources */ = {isa = PBXBuildFile; fileRef = 1AB1A0E01ED4EEA200E40A6D /* RootViewController.swift */; };
		1AB1A0E41ED64C4600E40A6D /* SettingsViewController.swift in Sources */ = {isa = PBXBuildFile; fileRef = 1AB1A0E31ED64C4600E40A6D /* SettingsViewController.swift */; };
		1AB1A0E61ED76E3E00E40A6D /* StartView.storyboard in Resources */ = {isa = PBXBuildFile; fileRef = 1AB1A0E51ED76E3E00E40A6D /* StartView.storyboard */; };
		1AB1A0E81ED76E6E00E40A6D /* StartViewController.swift in Sources */ = {isa = PBXBuildFile; fileRef = 1AB1A0E71ED76E6E00E40A6D /* StartViewController.swift */; };
		1AB1A0EA1ED7766400E40A6D /* SettingsViewModel.swift in Sources */ = {isa = PBXBuildFile; fileRef = 1AB1A0E91ED7766400E40A6D /* SettingsViewModel.swift */; };
		1AED63E21E83B16300F3FD53 /* AppDelegate.swift in Sources */ = {isa = PBXBuildFile; fileRef = 1AED63E11E83B16300F3FD53 /* AppDelegate.swift */; };
		1AED63E91E83B16300F3FD53 /* Assets.xcassets in Resources */ = {isa = PBXBuildFile; fileRef = 1AED63E81E83B16300F3FD53 /* Assets.xcassets */; };
		1AED63EC1E83B16300F3FD53 /* LaunchScreen.storyboard in Resources */ = {isa = PBXBuildFile; fileRef = 1AED63EA1E83B16300F3FD53 /* LaunchScreen.storyboard */; };
		1AED63F71E83B16300F3FD53 /* BooktrixTests.swift in Sources */ = {isa = PBXBuildFile; fileRef = 1AED63F61E83B16300F3FD53 /* BooktrixTests.swift */; };
		1E641575CFE77276DF1444B6 /* Pods_Booktrix.framework in Frameworks */ = {isa = PBXBuildFile; fileRef = A8C6E43F5367CFA1AA19D824 /* Pods_Booktrix.framework */; };
/* End PBXBuildFile section */

/* Begin PBXContainerItemProxy section */
		1AED63F31E83B16300F3FD53 /* PBXContainerItemProxy */ = {
			isa = PBXContainerItemProxy;
			containerPortal = 1AED63D61E83B16300F3FD53 /* Project object */;
			proxyType = 1;
			remoteGlobalIDString = 1AED63DD1E83B16300F3FD53;
			remoteInfo = Booktrix;
		};
/* End PBXContainerItemProxy section */

/* Begin PBXFileReference section */
		1A117BAD1EC8D81E00B4D76F /* SignInViewController.swift */ = {isa = PBXFileReference; fileEncoding = 4; lastKnownFileType = sourcecode.swift; path = SignInViewController.swift; sourceTree = "<group>"; };
		1A117BB01EC8E7C100B4D76F /* SignUpView.storyboard */ = {isa = PBXFileReference; fileEncoding = 4; lastKnownFileType = file.storyboard; path = SignUpView.storyboard; sourceTree = "<group>"; };
		1A117BB21EC8E9C500B4D76F /* SignInViewModel.swift */ = {isa = PBXFileReference; fileEncoding = 4; lastKnownFileType = sourcecode.swift; path = SignInViewModel.swift; sourceTree = "<group>"; };
		1A117BB41EC8EB5900B4D76F /* SignUpViewController.swift */ = {isa = PBXFileReference; fileEncoding = 4; lastKnownFileType = sourcecode.swift; path = SignUpViewController.swift; sourceTree = "<group>"; };
		1A117BB71EC8EBD200B4D76F /* UITextField+Prepare.swift */ = {isa = PBXFileReference; fileEncoding = 4; lastKnownFileType = sourcecode.swift; path = "UITextField+Prepare.swift"; sourceTree = "<group>"; };
		1A117BBB1EC8F45200B4D76F /* UIViewController+Storyboard.swift */ = {isa = PBXFileReference; fileEncoding = 4; lastKnownFileType = sourcecode.swift; path = "UIViewController+Storyboard.swift"; sourceTree = "<group>"; };
		1A117BBD1EC912CE00B4D76F /* Alamofire.framework */ = {isa = PBXFileReference; lastKnownFileType = wrapper.framework; name = Alamofire.framework; path = Carthage/Build/iOS/Alamofire.framework; sourceTree = "<group>"; };
		1A117BC31ECA331500B4D76F /* TextFieldConfiguration.swift */ = {isa = PBXFileReference; fileEncoding = 4; lastKnownFileType = sourcecode.swift; path = TextFieldConfiguration.swift; sourceTree = "<group>"; };
		1A117BC61ECBAB4900B4D76F /* Request.swift */ = {isa = PBXFileReference; fileEncoding = 4; lastKnownFileType = sourcecode.swift; path = Request.swift; sourceTree = "<group>"; };
		1A117BC81ECBBC1000B4D76F /* JSONCodable.framework */ = {isa = PBXFileReference; lastKnownFileType = wrapper.framework; name = JSONCodable.framework; path = Carthage/Build/iOS/JSONCodable.framework; sourceTree = "<group>"; };
		1A117BCA1ECBBC4C00B4D76F /* ApiRequester.swift */ = {isa = PBXFileReference; fileEncoding = 4; lastKnownFileType = sourcecode.swift; path = ApiRequester.swift; sourceTree = "<group>"; };
		1A117BCC1ECC553600B4D76F /* KeychainAccess.framework */ = {isa = PBXFileReference; lastKnownFileType = wrapper.framework; name = KeychainAccess.framework; path = Carthage/Build/iOS/KeychainAccess.framework; sourceTree = "<group>"; };
		1A117BCF1ECC55AD00B4D76F /* KeychainStorage.swift */ = {isa = PBXFileReference; fileEncoding = 4; lastKnownFileType = sourcecode.swift; path = KeychainStorage.swift; sourceTree = "<group>"; };
		1A117BD21ECC563F00B4D76F /* User.swift */ = {isa = PBXFileReference; fileEncoding = 4; lastKnownFileType = sourcecode.swift; path = User.swift; sourceTree = "<group>"; };
		1A117BD41ECC5AA900B4D76F /* ApiClient.swift */ = {isa = PBXFileReference; fileEncoding = 4; lastKnownFileType = sourcecode.swift; path = ApiClient.swift; sourceTree = "<group>"; };
		1A117BD61ECC5B3D00B4D76F /* RequestParams.swift */ = {isa = PBXFileReference; fileEncoding = 4; lastKnownFileType = sourcecode.swift; path = RequestParams.swift; sourceTree = "<group>"; };
		1A117BDC1ECC5DE200B4D76F /* UserService.swift */ = {isa = PBXFileReference; fileEncoding = 4; lastKnownFileType = sourcecode.swift; path = UserService.swift; sourceTree = "<group>"; };
		1A9DC7DF1ECC62BB001F0EB4 /* SignUpViewModel.swift */ = {isa = PBXFileReference; fileEncoding = 4; lastKnownFileType = sourcecode.swift; path = SignUpViewModel.swift; sourceTree = "<group>"; };
		1A9DC7E31ECC69AF001F0EB4 /* PKHUD.framework */ = {isa = PBXFileReference; lastKnownFileType = wrapper.framework; name = PKHUD.framework; path = Carthage/Build/iOS/PKHUD.framework; sourceTree = "<group>"; };
		1A9DC7E51ECC6D52001F0EB4 /* UIViewController+HUD.swift */ = {isa = PBXFileReference; fileEncoding = 4; lastKnownFileType = sourcecode.swift; path = "UIViewController+HUD.swift"; sourceTree = "<group>"; };
		1A9DC7E81ECC780D001F0EB4 /* StringValidation.swift */ = {isa = PBXFileReference; fileEncoding = 4; lastKnownFileType = sourcecode.swift; path = StringValidation.swift; sourceTree = "<group>"; };
		1A9DC7EA1ECCD97C001F0EB4 /* pl */ = {isa = PBXFileReference; lastKnownFileType = text.plist.strings; name = pl; path = pl.lproj/LaunchScreen.strings; sourceTree = "<group>"; };
		1A9DC7F41ECCDCF2001F0EB4 /* LocalizedString.swift */ = {isa = PBXFileReference; fileEncoding = 4; lastKnownFileType = sourcecode.swift; path = LocalizedString.swift; sourceTree = "<group>"; };
		1A9DC7F91ECCE541001F0EB4 /* en */ = {isa = PBXFileReference; lastKnownFileType = text.plist.strings; name = en; path = en.lproj/Localizable.strings; sourceTree = "<group>"; };
		1A9DC7FB1ECCE542001F0EB4 /* pl */ = {isa = PBXFileReference; lastKnownFileType = text.plist.strings; name = pl; path = pl.lproj/Localizable.strings; sourceTree = "<group>"; };
		1A9DC7FC1ECCED79001F0EB4 /* Validator.swift */ = {isa = PBXFileReference; fileEncoding = 4; lastKnownFileType = sourcecode.swift; path = Validator.swift; sourceTree = "<group>"; };
		1A9DC7FE1ECE13DC001F0EB4 /* FieldValidationName.swift */ = {isa = PBXFileReference; fileEncoding = 4; lastKnownFileType = sourcecode.swift; path = FieldValidationName.swift; sourceTree = "<group>"; };
		1A9DC8001ECE41D1001F0EB4 /* UIViewController+SwiftNotifications.swift */ = {isa = PBXFileReference; fileEncoding = 4; lastKnownFileType = sourcecode.swift; path = "UIViewController+SwiftNotifications.swift"; sourceTree = "<group>"; };
		1AB1A09D1ECFAF9C00E40A6D /* BRYXBanner.framework */ = {isa = PBXFileReference; lastKnownFileType = wrapper.framework; name = BRYXBanner.framework; path = Carthage/Build/iOS/BRYXBanner.framework; sourceTree = "<group>"; };
		1AB1A09F1ED1050300E40A6D /* ActivitiesView.storyboard */ = {isa = PBXFileReference; fileEncoding = 4; lastKnownFileType = file.storyboard; path = ActivitiesView.storyboard; sourceTree = "<group>"; };
		1AB1A0A21ED1115A00E40A6D /* ActivitiesViewController.swift */ = {isa = PBXFileReference; fileEncoding = 4; lastKnownFileType = sourcecode.swift; path = ActivitiesViewController.swift; sourceTree = "<group>"; };
		1AB1A0B91ED22E8D00E40A6D /* StoryboardWireframe.swift */ = {isa = PBXFileReference; fileEncoding = 4; lastKnownFileType = sourcecode.swift; path = StoryboardWireframe.swift; sourceTree = "<group>"; };
		1AB1A0BB1ED22FB800E40A6D /* Wireframe.swift */ = {isa = PBXFileReference; fileEncoding = 4; lastKnownFileType = sourcecode.swift; path = Wireframe.swift; sourceTree = "<group>"; };
		1AB1A0BD1ED232AD00E40A6D /* Instantiatior.swift */ = {isa = PBXFileReference; fileEncoding = 4; lastKnownFileType = sourcecode.swift; path = Instantiatior.swift; sourceTree = "<group>"; };
		1AB1A0BF1ED23A3D00E40A6D /* StoryboardIdentifiable.swift */ = {isa = PBXFileReference; fileEncoding = 4; lastKnownFileType = sourcecode.swift; path = StoryboardIdentifiable.swift; sourceTree = "<group>"; };
		1AB1A0C11ED3844F00E40A6D /* DisplayableError.swift */ = {isa = PBXFileReference; fileEncoding = 4; lastKnownFileType = sourcecode.swift; path = DisplayableError.swift; sourceTree = "<group>"; };
		1AB1A0C31ED4C27D00E40A6D /* RootView.storyboard */ = {isa = PBXFileReference; fileEncoding = 4; lastKnownFileType = file.storyboard; path = RootView.storyboard; sourceTree = "<group>"; };
		1AB1A0CA1ED4D3C000E40A6D /* SignInView.storyboard */ = {isa = PBXFileReference; fileEncoding = 4; lastKnownFileType = file.storyboard; path = SignInView.storyboard; sourceTree = "<group>"; };
		1AB1A0CC1ED4D73100E40A6D /* SearchView.storyboard */ = {isa = PBXFileReference; fileEncoding = 4; lastKnownFileType = file.storyboard; path = SearchView.storyboard; sourceTree = "<group>"; };
		1AB1A0D31ED4DC1900E40A6D /* BookshelfView.storyboard */ = {isa = PBXFileReference; fileEncoding = 4; lastKnownFileType = file.storyboard; path = BookshelfView.storyboard; sourceTree = "<group>"; };
		1AB1A0D51ED4DC2000E40A6D /* ListsView.storyboard */ = {isa = PBXFileReference; fileEncoding = 4; lastKnownFileType = file.storyboard; path = ListsView.storyboard; sourceTree = "<group>"; };
		1AB1A0D71ED4DC2800E40A6D /* GiftsView.storyboard */ = {isa = PBXFileReference; fileEncoding = 4; lastKnownFileType = file.storyboard; path = GiftsView.storyboard; sourceTree = "<group>"; };
		1AB1A0D91ED4DC2F00E40A6D /* FriendsView.storyboard */ = {isa = PBXFileReference; fileEncoding = 4; lastKnownFileType = file.storyboard; path = FriendsView.storyboard; sourceTree = "<group>"; };
		1AB1A0DB1ED4DC3B00E40A6D /* SettingsView.storyboard */ = {isa = PBXFileReference; fileEncoding = 4; lastKnownFileType = file.storyboard; path = SettingsView.storyboard; sourceTree = "<group>"; };
		1AB1A0E01ED4EEA200E40A6D /* RootViewController.swift */ = {isa = PBXFileReference; fileEncoding = 4; lastKnownFileType = sourcecode.swift; path = RootViewController.swift; sourceTree = "<group>"; };
		1AB1A0E31ED64C4600E40A6D /* SettingsViewController.swift */ = {isa = PBXFileReference; fileEncoding = 4; lastKnownFileType = sourcecode.swift; path = SettingsViewController.swift; sourceTree = "<group>"; };
		1AB1A0E51ED76E3E00E40A6D /* StartView.storyboard */ = {isa = PBXFileReference; fileEncoding = 4; lastKnownFileType = file.storyboard; path = StartView.storyboard; sourceTree = "<group>"; };
		1AB1A0E71ED76E6E00E40A6D /* StartViewController.swift */ = {isa = PBXFileReference; fileEncoding = 4; lastKnownFileType = sourcecode.swift; path = StartViewController.swift; sourceTree = "<group>"; };
		1AB1A0E91ED7766400E40A6D /* SettingsViewModel.swift */ = {isa = PBXFileReference; fileEncoding = 4; lastKnownFileType = sourcecode.swift; path = SettingsViewModel.swift; sourceTree = "<group>"; };
		1AED63DE1E83B16300F3FD53 /* Booktrix.app */ = {isa = PBXFileReference; explicitFileType = wrapper.application; includeInIndex = 0; path = Booktrix.app; sourceTree = BUILT_PRODUCTS_DIR; };
		1AED63E11E83B16300F3FD53 /* AppDelegate.swift */ = {isa = PBXFileReference; lastKnownFileType = sourcecode.swift; path = AppDelegate.swift; sourceTree = "<group>"; };
		1AED63E81E83B16300F3FD53 /* Assets.xcassets */ = {isa = PBXFileReference; lastKnownFileType = folder.assetcatalog; path = Assets.xcassets; sourceTree = "<group>"; };
		1AED63EB1E83B16300F3FD53 /* Base */ = {isa = PBXFileReference; lastKnownFileType = file.storyboard; name = Base; path = Base.lproj/LaunchScreen.storyboard; sourceTree = "<group>"; };
		1AED63ED1E83B16300F3FD53 /* Info.plist */ = {isa = PBXFileReference; lastKnownFileType = text.plist.xml; path = Info.plist; sourceTree = "<group>"; };
		1AED63F21E83B16300F3FD53 /* BooktrixTests.xctest */ = {isa = PBXFileReference; explicitFileType = wrapper.cfbundle; includeInIndex = 0; path = BooktrixTests.xctest; sourceTree = BUILT_PRODUCTS_DIR; };
		1AED63F61E83B16300F3FD53 /* BooktrixTests.swift */ = {isa = PBXFileReference; lastKnownFileType = sourcecode.swift; path = BooktrixTests.swift; sourceTree = "<group>"; };
		1AED63F81E83B16300F3FD53 /* Info.plist */ = {isa = PBXFileReference; lastKnownFileType = text.plist.xml; path = Info.plist; sourceTree = "<group>"; };
		1AED64041E83B7F200F3FD53 /* Booktrix-ReleaseStaging.xcconfig */ = {isa = PBXFileReference; lastKnownFileType = text.xcconfig; path = "Booktrix-ReleaseStaging.xcconfig"; sourceTree = "<group>"; };
		1AED64051E83B83000F3FD53 /* Booktrix-DebugProduction.xcconfig */ = {isa = PBXFileReference; lastKnownFileType = text.xcconfig; path = "Booktrix-DebugProduction.xcconfig"; sourceTree = "<group>"; };
		1AED64061E83B85400F3FD53 /* Booktrix-ReleaseProduction.xcconfig */ = {isa = PBXFileReference; lastKnownFileType = text.xcconfig; path = "Booktrix-ReleaseProduction.xcconfig"; sourceTree = "<group>"; };
		1AED64071E83B86800F3FD53 /* Booktrix-DebugStaging.xcconfig */ = {isa = PBXFileReference; fileEncoding = 4; lastKnownFileType = text.xcconfig; path = "Booktrix-DebugStaging.xcconfig"; sourceTree = "<group>"; };
		1AED64081E83B86800F3FD53 /* Booktrix.xcconfig */ = {isa = PBXFileReference; fileEncoding = 4; lastKnownFileType = text.xcconfig; path = Booktrix.xcconfig; sourceTree = "<group>"; };
		20FEB10A9E7762F8541EA063 /* Pods-BooktrixTests.releaseproduction.xcconfig */ = {isa = PBXFileReference; includeInIndex = 1; lastKnownFileType = text.xcconfig; name = "Pods-BooktrixTests.releaseproduction.xcconfig"; path = "Pods/Target Support Files/Pods-BooktrixTests/Pods-BooktrixTests.releaseproduction.xcconfig"; sourceTree = "<group>"; };
		2BD756CACA1E3D35F2F406F6 /* Pods-BooktrixTests.debugstaging.xcconfig */ = {isa = PBXFileReference; includeInIndex = 1; lastKnownFileType = text.xcconfig; name = "Pods-BooktrixTests.debugstaging.xcconfig"; path = "Pods/Target Support Files/Pods-BooktrixTests/Pods-BooktrixTests.debugstaging.xcconfig"; sourceTree = "<group>"; };
		2D041C54874C291AD5781082 /* Pods-Booktrix.releasestaging.xcconfig */ = {isa = PBXFileReference; includeInIndex = 1; lastKnownFileType = text.xcconfig; name = "Pods-Booktrix.releasestaging.xcconfig"; path = "Pods/Target Support Files/Pods-Booktrix/Pods-Booktrix.releasestaging.xcconfig"; sourceTree = "<group>"; };
		5505B480A87C70D49B005FD9 /* Pods-Booktrix.releaseproduction.xcconfig */ = {isa = PBXFileReference; includeInIndex = 1; lastKnownFileType = text.xcconfig; name = "Pods-Booktrix.releaseproduction.xcconfig"; path = "Pods/Target Support Files/Pods-Booktrix/Pods-Booktrix.releaseproduction.xcconfig"; sourceTree = "<group>"; };
		5CED97D6219593A489A44893 /* Pods_BooktrixTests.framework */ = {isa = PBXFileReference; explicitFileType = wrapper.framework; includeInIndex = 0; path = Pods_BooktrixTests.framework; sourceTree = BUILT_PRODUCTS_DIR; };
		9F6F0D2180456C2472D1C38F /* Pods-BooktrixTests.releasestaging.xcconfig */ = {isa = PBXFileReference; includeInIndex = 1; lastKnownFileType = text.xcconfig; name = "Pods-BooktrixTests.releasestaging.xcconfig"; path = "Pods/Target Support Files/Pods-BooktrixTests/Pods-BooktrixTests.releasestaging.xcconfig"; sourceTree = "<group>"; };
		A8C6E43F5367CFA1AA19D824 /* Pods_Booktrix.framework */ = {isa = PBXFileReference; explicitFileType = wrapper.framework; includeInIndex = 0; path = Pods_Booktrix.framework; sourceTree = BUILT_PRODUCTS_DIR; };
		AB8D6C7292E28AEE06880C74 /* Pods-Booktrix.debugstaging.xcconfig */ = {isa = PBXFileReference; includeInIndex = 1; lastKnownFileType = text.xcconfig; name = "Pods-Booktrix.debugstaging.xcconfig"; path = "Pods/Target Support Files/Pods-Booktrix/Pods-Booktrix.debugstaging.xcconfig"; sourceTree = "<group>"; };
		B31F42A04B78EEBCB5DB6030 /* Pods-Booktrix.debugproduction.xcconfig */ = {isa = PBXFileReference; includeInIndex = 1; lastKnownFileType = text.xcconfig; name = "Pods-Booktrix.debugproduction.xcconfig"; path = "Pods/Target Support Files/Pods-Booktrix/Pods-Booktrix.debugproduction.xcconfig"; sourceTree = "<group>"; };
		CD269544E709BCBF166FEA0B /* Pods-BooktrixTests.debugproduction.xcconfig */ = {isa = PBXFileReference; includeInIndex = 1; lastKnownFileType = text.xcconfig; name = "Pods-BooktrixTests.debugproduction.xcconfig"; path = "Pods/Target Support Files/Pods-BooktrixTests/Pods-BooktrixTests.debugproduction.xcconfig"; sourceTree = "<group>"; };
/* End PBXFileReference section */

/* Begin PBXFrameworksBuildPhase section */
		1AED63DB1E83B16300F3FD53 /* Frameworks */ = {
			isa = PBXFrameworksBuildPhase;
			buildActionMask = 2147483647;
			files = (
				1AB1A09E1ECFAF9C00E40A6D /* BRYXBanner.framework in Frameworks */,
				1A9DC7E41ECC69AF001F0EB4 /* PKHUD.framework in Frameworks */,
				1A117BCD1ECC553600B4D76F /* KeychainAccess.framework in Frameworks */,
				1A117BC91ECBBC1000B4D76F /* JSONCodable.framework in Frameworks */,
				1A117BBF1EC912CE00B4D76F /* Alamofire.framework in Frameworks */,
				1E641575CFE77276DF1444B6 /* Pods_Booktrix.framework in Frameworks */,
			);
			runOnlyForDeploymentPostprocessing = 0;
		};
		1AED63EF1E83B16300F3FD53 /* Frameworks */ = {
			isa = PBXFrameworksBuildPhase;
			buildActionMask = 2147483647;
			files = (
				07D5B0C2E9DC759B4F51E75D /* Pods_BooktrixTests.framework in Frameworks */,
			);
			runOnlyForDeploymentPostprocessing = 0;
		};
/* End PBXFrameworksBuildPhase section */

/* Begin PBXGroup section */
		1A117BA91EC8D54800B4D76F /* Controllers */ = {
			isa = PBXGroup;
			children = (
				1AB1A0E21ED64C1C00E40A6D /* SettingsView */,
				1AB1A0DD1ED4EE3700E40A6D /* RootView */,
				1AB1A0A11ED110A200E40A6D /* ActivitiesView */,
				1A117BAC1EC8D58400B4D76F /* SignUpView */,
				1A117BAB1EC8D57600B4D76F /* SignInView */,
				1AB1A0E71ED76E6E00E40A6D /* StartViewController.swift */,
			);
			path = Controllers;
			sourceTree = "<group>";
		};
		1A117BAB1EC8D57600B4D76F /* SignInView */ = {
			isa = PBXGroup;
			children = (
				1A117BAD1EC8D81E00B4D76F /* SignInViewController.swift */,
				1A117BB21EC8E9C500B4D76F /* SignInViewModel.swift */,
			);
			name = SignInView;
			path = SignStoryboard;
			sourceTree = "<group>";
		};
		1A117BAC1EC8D58400B4D76F /* SignUpView */ = {
			isa = PBXGroup;
			children = (
				1A117BB41EC8EB5900B4D76F /* SignUpViewController.swift */,
				1A9DC7DF1ECC62BB001F0EB4 /* SignUpViewModel.swift */,
			);
			name = SignUpView;
			path = SignStoryboard;
			sourceTree = "<group>";
		};
		1A117BAF1EC8D85600B4D76F /* Storyboards */ = {
			isa = PBXGroup;
			children = (
				1AB1A0D21ED4DAC200E40A6D /* SettingsTab */,
				1AB1A0D11ED4DABC00E40A6D /* FriendsTab */,
				1AB1A0D01ED4DAB500E40A6D /* GiftsTab */,
				1AB1A0CF1ED4DAA900E40A6D /* ListsTab */,
				1AB1A0CE1ED4D73F00E40A6D /* BookshelfTab */,
				1AB1A0C71ED4D12E00E40A6D /* SearchesTab */,
				1AB1A0C61ED4D12800E40A6D /* ActivitiesTab */,
				1AB1A0CA1ED4D3C000E40A6D /* SignInView.storyboard */,
				1A117BB01EC8E7C100B4D76F /* SignUpView.storyboard */,
				1AB1A0C31ED4C27D00E40A6D /* RootView.storyboard */,
				1AB1A0E51ED76E3E00E40A6D /* StartView.storyboard */,
			);
			path = Storyboards;
			sourceTree = "<group>";
		};
		1A117BB61EC8EBA600B4D76F /* Extensions */ = {
			isa = PBXGroup;
			children = (
				1A117BB71EC8EBD200B4D76F /* UITextField+Prepare.swift */,
				1A117BBB1EC8F45200B4D76F /* UIViewController+Storyboard.swift */,
				1A9DC7E51ECC6D52001F0EB4 /* UIViewController+HUD.swift */,
				1A9DC8001ECE41D1001F0EB4 /* UIViewController+SwiftNotifications.swift */,
			);
			path = Extensions;
			sourceTree = "<group>";
		};
		1A117BC21ECA2AE300B4D76F /* ViewsConfiguration */ = {
			isa = PBXGroup;
			children = (
				1A117BC31ECA331500B4D76F /* TextFieldConfiguration.swift */,
			);
			path = ViewsConfiguration;
			sourceTree = "<group>";
		};
		1A117BC51ECBAA1900B4D76F /* API */ = {
			isa = PBXGroup;
			children = (
				1A117BDB1ECC5DC100B4D76F /* Services */,
				1A117BC61ECBAB4900B4D76F /* Request.swift */,
				1A117BCA1ECBBC4C00B4D76F /* ApiRequester.swift */,
				1A117BD41ECC5AA900B4D76F /* ApiClient.swift */,
				1A117BD61ECC5B3D00B4D76F /* RequestParams.swift */,
			);
			path = API;
			sourceTree = "<group>";
		};
		1A117BCE1ECC559800B4D76F /* Other */ = {
			isa = PBXGroup;
			children = (
				1A117BCF1ECC55AD00B4D76F /* KeychainStorage.swift */,
				1AB1A0B91ED22E8D00E40A6D /* StoryboardWireframe.swift */,
				1AB1A0BB1ED22FB800E40A6D /* Wireframe.swift */,
				1AB1A0BD1ED232AD00E40A6D /* Instantiatior.swift */,
				1AB1A0BF1ED23A3D00E40A6D /* StoryboardIdentifiable.swift */,
			);
			path = Other;
			sourceTree = "<group>";
		};
		1A117BD11ECC562800B4D76F /* Models */ = {
			isa = PBXGroup;
			children = (
				1A117BD21ECC563F00B4D76F /* User.swift */,
			);
			path = Models;
			sourceTree = "<group>";
		};
		1A117BDB1ECC5DC100B4D76F /* Services */ = {
			isa = PBXGroup;
			children = (
				1A117BDC1ECC5DE200B4D76F /* UserService.swift */,
			);
			path = Services;
			sourceTree = "<group>";
		};
		1A9DC7E71ECC77D2001F0EB4 /* Validators */ = {
			isa = PBXGroup;
			children = (
				1A9DC7E81ECC780D001F0EB4 /* StringValidation.swift */,
				1A9DC7FC1ECCED79001F0EB4 /* Validator.swift */,
				1A9DC7FE1ECE13DC001F0EB4 /* FieldValidationName.swift */,
				1AB1A0C11ED3844F00E40A6D /* DisplayableError.swift */,
			);
			path = Validators;
			sourceTree = "<group>";
		};
		1A9DC7EB1ECCDAC9001F0EB4 /* LocalizableStrings */ = {
			isa = PBXGroup;
			children = (
				1A9DC7F41ECCDCF2001F0EB4 /* LocalizedString.swift */,
				1A9DC7FA1ECCE541001F0EB4 /* Localizable.strings */,
			);
			path = LocalizableStrings;
			sourceTree = "<group>";
		};
		1AB1A0A11ED110A200E40A6D /* ActivitiesView */ = {
			isa = PBXGroup;
			children = (
				1AB1A0A21ED1115A00E40A6D /* ActivitiesViewController.swift */,
			);
			name = ActivitiesView;
			path = Activities;
			sourceTree = "<group>";
		};
		1AB1A0C61ED4D12800E40A6D /* ActivitiesTab */ = {
			isa = PBXGroup;
			children = (
				1AB1A09F1ED1050300E40A6D /* ActivitiesView.storyboard */,
			);
			name = ActivitiesTab;
			sourceTree = "<group>";
		};
		1AB1A0C71ED4D12E00E40A6D /* SearchesTab */ = {
			isa = PBXGroup;
			children = (
				1AB1A0CC1ED4D73100E40A6D /* SearchView.storyboard */,
			);
			name = SearchesTab;
			sourceTree = "<group>";
		};
		1AB1A0CE1ED4D73F00E40A6D /* BookshelfTab */ = {
			isa = PBXGroup;
			children = (
				1AB1A0D31ED4DC1900E40A6D /* BookshelfView.storyboard */,
			);
			name = BookshelfTab;
			sourceTree = "<group>";
		};
		1AB1A0CF1ED4DAA900E40A6D /* ListsTab */ = {
			isa = PBXGroup;
			children = (
				1AB1A0D51ED4DC2000E40A6D /* ListsView.storyboard */,
			);
			name = ListsTab;
			sourceTree = "<group>";
		};
		1AB1A0D01ED4DAB500E40A6D /* GiftsTab */ = {
			isa = PBXGroup;
			children = (
				1AB1A0D71ED4DC2800E40A6D /* GiftsView.storyboard */,
			);
			name = GiftsTab;
			sourceTree = "<group>";
		};
		1AB1A0D11ED4DABC00E40A6D /* FriendsTab */ = {
			isa = PBXGroup;
			children = (
				1AB1A0D91ED4DC2F00E40A6D /* FriendsView.storyboard */,
			);
			name = FriendsTab;
			sourceTree = "<group>";
		};
		1AB1A0D21ED4DAC200E40A6D /* SettingsTab */ = {
			isa = PBXGroup;
			children = (
				1AB1A0DB1ED4DC3B00E40A6D /* SettingsView.storyboard */,
			);
			name = SettingsTab;
			sourceTree = "<group>";
		};
		1AB1A0DD1ED4EE3700E40A6D /* RootView */ = {
			isa = PBXGroup;
			children = (
				1AB1A0E01ED4EEA200E40A6D /* RootViewController.swift */,
			);
			path = RootView;
			sourceTree = "<group>";
		};
		1AB1A0E21ED64C1C00E40A6D /* SettingsView */ = {
			isa = PBXGroup;
			children = (
				1AB1A0E31ED64C4600E40A6D /* SettingsViewController.swift */,
				1AB1A0E91ED7766400E40A6D /* SettingsViewModel.swift */,
			);
			path = SettingsView;
			sourceTree = "<group>";
		};
		1AED63D51E83B16300F3FD53 = {
			isa = PBXGroup;
			children = (
				1AED63E01E83B16300F3FD53 /* Booktrix */,
				1AED63F51E83B16300F3FD53 /* BooktrixTests */,
				1AED63DF1E83B16300F3FD53 /* Products */,
				442867BC45FFD75724F10AE1 /* Pods */,
				7C1B97FD03B3C74B1D6F67C9 /* Frameworks */,
			);
			sourceTree = "<group>";
		};
		1AED63DF1E83B16300F3FD53 /* Products */ = {
			isa = PBXGroup;
			children = (
				1AED63DE1E83B16300F3FD53 /* Booktrix.app */,
				1AED63F21E83B16300F3FD53 /* BooktrixTests.xctest */,
			);
			name = Products;
			sourceTree = "<group>";
		};
		1AED63E01E83B16300F3FD53 /* Booktrix */ = {
			isa = PBXGroup;
			children = (
				1A117BC51ECBAA1900B4D76F /* API */,
				1A117BCE1ECC559800B4D76F /* Other */,
				1A117BB61EC8EBA600B4D76F /* Extensions */,
				1A117BAF1EC8D85600B4D76F /* Storyboards */,
				1A117BD11ECC562800B4D76F /* Models */,
				1A117BA91EC8D54800B4D76F /* Controllers */,
				1AED64011E83B75F00F3FD53 /* Configuration */,
				1A117BC21ECA2AE300B4D76F /* ViewsConfiguration */,
				1A9DC7EB1ECCDAC9001F0EB4 /* LocalizableStrings */,
				1A9DC7E71ECC77D2001F0EB4 /* Validators */,
				1AED63E11E83B16300F3FD53 /* AppDelegate.swift */,
				1AED63E81E83B16300F3FD53 /* Assets.xcassets */,
				1AED63EA1E83B16300F3FD53 /* LaunchScreen.storyboard */,
				1AED63ED1E83B16300F3FD53 /* Info.plist */,
			);
			path = Booktrix;
			sourceTree = "<group>";
		};
		1AED63F51E83B16300F3FD53 /* BooktrixTests */ = {
			isa = PBXGroup;
			children = (
				1AED63F61E83B16300F3FD53 /* BooktrixTests.swift */,
				1AED63F81E83B16300F3FD53 /* Info.plist */,
			);
			path = BooktrixTests;
			sourceTree = "<group>";
		};
		1AED64011E83B75F00F3FD53 /* Configuration */ = {
			isa = PBXGroup;
			children = (
				1AED64071E83B86800F3FD53 /* Booktrix-DebugStaging.xcconfig */,
				1AED64081E83B86800F3FD53 /* Booktrix.xcconfig */,
				1AED64041E83B7F200F3FD53 /* Booktrix-ReleaseStaging.xcconfig */,
				1AED64051E83B83000F3FD53 /* Booktrix-DebugProduction.xcconfig */,
				1AED64061E83B85400F3FD53 /* Booktrix-ReleaseProduction.xcconfig */,
			);
			path = Configuration;
			sourceTree = "<group>";
		};
		442867BC45FFD75724F10AE1 /* Pods */ = {
			isa = PBXGroup;
			children = (
				AB8D6C7292E28AEE06880C74 /* Pods-Booktrix.debugstaging.xcconfig */,
				B31F42A04B78EEBCB5DB6030 /* Pods-Booktrix.debugproduction.xcconfig */,
				2D041C54874C291AD5781082 /* Pods-Booktrix.releasestaging.xcconfig */,
				5505B480A87C70D49B005FD9 /* Pods-Booktrix.releaseproduction.xcconfig */,
				2BD756CACA1E3D35F2F406F6 /* Pods-BooktrixTests.debugstaging.xcconfig */,
				CD269544E709BCBF166FEA0B /* Pods-BooktrixTests.debugproduction.xcconfig */,
				9F6F0D2180456C2472D1C38F /* Pods-BooktrixTests.releasestaging.xcconfig */,
				20FEB10A9E7762F8541EA063 /* Pods-BooktrixTests.releaseproduction.xcconfig */,
			);
			name = Pods;
			sourceTree = "<group>";
		};
		7C1B97FD03B3C74B1D6F67C9 /* Frameworks */ = {
			isa = PBXGroup;
			children = (
				1AB1A09D1ECFAF9C00E40A6D /* BRYXBanner.framework */,
				1A9DC7E31ECC69AF001F0EB4 /* PKHUD.framework */,
				1A117BCC1ECC553600B4D76F /* KeychainAccess.framework */,
				1A117BC81ECBBC1000B4D76F /* JSONCodable.framework */,
				1A117BBD1EC912CE00B4D76F /* Alamofire.framework */,
				A8C6E43F5367CFA1AA19D824 /* Pods_Booktrix.framework */,
				5CED97D6219593A489A44893 /* Pods_BooktrixTests.framework */,
			);
			name = Frameworks;
			sourceTree = "<group>";
		};
/* End PBXGroup section */

/* Begin PBXNativeTarget section */
		1AED63DD1E83B16300F3FD53 /* Booktrix */ = {
			isa = PBXNativeTarget;
			buildConfigurationList = 1AED63FB1E83B16300F3FD53 /* Build configuration list for PBXNativeTarget "Booktrix" */;
			buildPhases = (
				CCB5536548E75A6652236D49 /* [CP] Check Pods Manifest.lock */,
				1AED63DA1E83B16300F3FD53 /* Sources */,
				1AED63DB1E83B16300F3FD53 /* Frameworks */,
				1AED63DC1E83B16300F3FD53 /* Resources */,
				196127D491289E0F3730841E /* [CP] Embed Pods Frameworks */,
				BB218333F739D283AACC780C /* [CP] Copy Pods Resources */,
				1A117BC11EC9132500B4D76F /* ShellScript */,
			);
			buildRules = (
			);
			dependencies = (
			);
			name = Booktrix;
			productName = Booktrix;
			productReference = 1AED63DE1E83B16300F3FD53 /* Booktrix.app */;
			productType = "com.apple.product-type.application";
		};
		1AED63F11E83B16300F3FD53 /* BooktrixTests */ = {
			isa = PBXNativeTarget;
			buildConfigurationList = 1AED63FE1E83B16300F3FD53 /* Build configuration list for PBXNativeTarget "BooktrixTests" */;
			buildPhases = (
				DA0807F55348BA64CEF2C318 /* [CP] Check Pods Manifest.lock */,
				1AED63EE1E83B16300F3FD53 /* Sources */,
				1AED63EF1E83B16300F3FD53 /* Frameworks */,
				1AED63F01E83B16300F3FD53 /* Resources */,
				ECE62B4C2ADD660174B9411A /* [CP] Embed Pods Frameworks */,
				F4C2CDA1319540CC54C55559 /* [CP] Copy Pods Resources */,
			);
			buildRules = (
			);
			dependencies = (
				1AED63F41E83B16300F3FD53 /* PBXTargetDependency */,
			);
			name = BooktrixTests;
			productName = BooktrixTests;
			productReference = 1AED63F21E83B16300F3FD53 /* BooktrixTests.xctest */;
			productType = "com.apple.product-type.bundle.unit-test";
		};
/* End PBXNativeTarget section */

/* Begin PBXProject section */
		1AED63D61E83B16300F3FD53 /* Project object */ = {
			isa = PBXProject;
			attributes = {
				LastSwiftUpdateCheck = 0820;
				LastUpgradeCheck = 0820;
				ORGANIZATIONNAME = Impresyjna;
				TargetAttributes = {
					1AED63DD1E83B16300F3FD53 = {
						CreatedOnToolsVersion = 8.2.1;
						ProvisioningStyle = Automatic;
					};
					1AED63F11E83B16300F3FD53 = {
						CreatedOnToolsVersion = 8.2.1;
						ProvisioningStyle = Automatic;
						TestTargetID = 1AED63DD1E83B16300F3FD53;
					};
				};
			};
			buildConfigurationList = 1AED63D91E83B16300F3FD53 /* Build configuration list for PBXProject "Booktrix" */;
			compatibilityVersion = "Xcode 3.2";
			developmentRegion = English;
			hasScannedForEncodings = 0;
			knownRegions = (
				en,
				Base,
				pl,
			);
			mainGroup = 1AED63D51E83B16300F3FD53;
			productRefGroup = 1AED63DF1E83B16300F3FD53 /* Products */;
			projectDirPath = "";
			projectRoot = "";
			targets = (
				1AED63DD1E83B16300F3FD53 /* Booktrix */,
				1AED63F11E83B16300F3FD53 /* BooktrixTests */,
			);
		};
/* End PBXProject section */

/* Begin PBXResourcesBuildPhase section */
		1AED63DC1E83B16300F3FD53 /* Resources */ = {
			isa = PBXResourcesBuildPhase;
			buildActionMask = 2147483647;
			files = (
				1AB1A0A01ED1050300E40A6D /* ActivitiesView.storyboard in Resources */,
				1A9DC7F81ECCE541001F0EB4 /* Localizable.strings in Resources */,
				1AB1A0DC1ED4DC3B00E40A6D /* SettingsView.storyboard in Resources */,
				1AED63EC1E83B16300F3FD53 /* LaunchScreen.storyboard in Resources */,
				1AB1A0D61ED4DC2000E40A6D /* ListsView.storyboard in Resources */,
				1A117BB11EC8E7C100B4D76F /* SignUpView.storyboard in Resources */,
				1AED63E91E83B16300F3FD53 /* Assets.xcassets in Resources */,
				1AB1A0D41ED4DC1900E40A6D /* BookshelfView.storyboard in Resources */,
				1AB1A0DA1ED4DC2F00E40A6D /* FriendsView.storyboard in Resources */,
				1AB1A0CD1ED4D73100E40A6D /* SearchView.storyboard in Resources */,
				1AB1A0D81ED4DC2800E40A6D /* GiftsView.storyboard in Resources */,
				1AB1A0C41ED4C27D00E40A6D /* RootView.storyboard in Resources */,
				1AB1A0E61ED76E3E00E40A6D /* StartView.storyboard in Resources */,
				1AB1A0CB1ED4D3C000E40A6D /* SignInView.storyboard in Resources */,
			);
			runOnlyForDeploymentPostprocessing = 0;
		};
		1AED63F01E83B16300F3FD53 /* Resources */ = {
			isa = PBXResourcesBuildPhase;
			buildActionMask = 2147483647;
			files = (
			);
			runOnlyForDeploymentPostprocessing = 0;
		};
/* End PBXResourcesBuildPhase section */

/* Begin PBXShellScriptBuildPhase section */
		196127D491289E0F3730841E /* [CP] Embed Pods Frameworks */ = {
			isa = PBXShellScriptBuildPhase;
			buildActionMask = 2147483647;
			files = (
			);
			inputPaths = (
			);
			name = "[CP] Embed Pods Frameworks";
			outputPaths = (
			);
			runOnlyForDeploymentPostprocessing = 0;
			shellPath = /bin/sh;
			shellScript = "\"${SRCROOT}/Pods/Target Support Files/Pods-Booktrix/Pods-Booktrix-frameworks.sh\"\n";
			showEnvVarsInLog = 0;
		};
		1A117BC11EC9132500B4D76F /* ShellScript */ = {
			isa = PBXShellScriptBuildPhase;
			buildActionMask = 2147483647;
			files = (
			);
			inputPaths = (
				"$(SRCROOT)/Carthage/Build/iOS/Alamofire.framework",
				"$(SRCROOT)/Carthage/Build/iOS/PKHUD.framework",
				"$(SRCROOT)/Carthage/Build/iOS/KeychainAccess.framework",
				"$(SRCROOT)/Carthage/Build/iOS/JSONCodable.framework",
				"$(SRCROOT)/Carthage/Build/iOS/BRYXBanner.framework",
			);
			outputPaths = (
			);
			runOnlyForDeploymentPostprocessing = 0;
			shellPath = /bin/sh;
			shellScript = "/usr/local/bin/carthage copy-frameworks";
		};
		BB218333F739D283AACC780C /* [CP] Copy Pods Resources */ = {
			isa = PBXShellScriptBuildPhase;
			buildActionMask = 2147483647;
			files = (
			);
			inputPaths = (
			);
			name = "[CP] Copy Pods Resources";
			outputPaths = (
			);
			runOnlyForDeploymentPostprocessing = 0;
			shellPath = /bin/sh;
			shellScript = "\"${SRCROOT}/Pods/Target Support Files/Pods-Booktrix/Pods-Booktrix-resources.sh\"\n";
			showEnvVarsInLog = 0;
		};
		CCB5536548E75A6652236D49 /* [CP] Check Pods Manifest.lock */ = {
			isa = PBXShellScriptBuildPhase;
			buildActionMask = 2147483647;
			files = (
			);
			inputPaths = (
			);
			name = "[CP] Check Pods Manifest.lock";
			outputPaths = (
			);
			runOnlyForDeploymentPostprocessing = 0;
			shellPath = /bin/sh;
			shellScript = "diff \"${PODS_ROOT}/../Podfile.lock\" \"${PODS_ROOT}/Manifest.lock\" > /dev/null\nif [ $? != 0 ] ; then\n    # print error to STDERR\n    echo \"error: The sandbox is not in sync with the Podfile.lock. Run 'pod install' or update your CocoaPods installation.\" >&2\n    exit 1\nfi\n";
			showEnvVarsInLog = 0;
		};
		DA0807F55348BA64CEF2C318 /* [CP] Check Pods Manifest.lock */ = {
			isa = PBXShellScriptBuildPhase;
			buildActionMask = 2147483647;
			files = (
			);
			inputPaths = (
			);
			name = "[CP] Check Pods Manifest.lock";
			outputPaths = (
			);
			runOnlyForDeploymentPostprocessing = 0;
			shellPath = /bin/sh;
			shellScript = "diff \"${PODS_ROOT}/../Podfile.lock\" \"${PODS_ROOT}/Manifest.lock\" > /dev/null\nif [ $? != 0 ] ; then\n    # print error to STDERR\n    echo \"error: The sandbox is not in sync with the Podfile.lock. Run 'pod install' or update your CocoaPods installation.\" >&2\n    exit 1\nfi\n";
			showEnvVarsInLog = 0;
		};
		ECE62B4C2ADD660174B9411A /* [CP] Embed Pods Frameworks */ = {
			isa = PBXShellScriptBuildPhase;
			buildActionMask = 2147483647;
			files = (
			);
			inputPaths = (
			);
			name = "[CP] Embed Pods Frameworks";
			outputPaths = (
			);
			runOnlyForDeploymentPostprocessing = 0;
			shellPath = /bin/sh;
			shellScript = "\"${SRCROOT}/Pods/Target Support Files/Pods-BooktrixTests/Pods-BooktrixTests-frameworks.sh\"\n";
			showEnvVarsInLog = 0;
		};
		F4C2CDA1319540CC54C55559 /* [CP] Copy Pods Resources */ = {
			isa = PBXShellScriptBuildPhase;
			buildActionMask = 2147483647;
			files = (
			);
			inputPaths = (
			);
			name = "[CP] Copy Pods Resources";
			outputPaths = (
			);
			runOnlyForDeploymentPostprocessing = 0;
			shellPath = /bin/sh;
			shellScript = "\"${SRCROOT}/Pods/Target Support Files/Pods-BooktrixTests/Pods-BooktrixTests-resources.sh\"\n";
			showEnvVarsInLog = 0;
		};
/* End PBXShellScriptBuildPhase section */

/* Begin PBXSourcesBuildPhase section */
		1AED63DA1E83B16300F3FD53 /* Sources */ = {
			isa = PBXSourcesBuildPhase;
			buildActionMask = 2147483647;
			files = (
				1A117BC41ECA331500B4D76F /* TextFieldConfiguration.swift in Sources */,
				1A117BC71ECBAB4900B4D76F /* Request.swift in Sources */,
				1A9DC7E01ECC62BB001F0EB4 /* SignUpViewModel.swift in Sources */,
				1AB1A0A31ED1115A00E40A6D /* ActivitiesViewController.swift in Sources */,
				1AED63E21E83B16300F3FD53 /* AppDelegate.swift in Sources */,
				1AB1A0E81ED76E6E00E40A6D /* StartViewController.swift in Sources */,
				1A117BD71ECC5B3D00B4D76F /* RequestParams.swift in Sources */,
				1A9DC7E91ECC780D001F0EB4 /* StringValidation.swift in Sources */,
				1A117BB81EC8EBD200B4D76F /* UITextField+Prepare.swift in Sources */,
				1A117BAE1EC8D81E00B4D76F /* SignInViewController.swift in Sources */,
				1A117BCB1ECBBC4C00B4D76F /* ApiRequester.swift in Sources */,
				1AB1A0E11ED4EEA200E40A6D /* RootViewController.swift in Sources */,
				1A117BB51EC8EB5900B4D76F /* SignUpViewController.swift in Sources */,
				1A117BD01ECC55AD00B4D76F /* KeychainStorage.swift in Sources */,
				1A9DC7F51ECCDCF2001F0EB4 /* LocalizedString.swift in Sources */,
				1AB1A0BE1ED232AD00E40A6D /* Instantiatior.swift in Sources */,
				1A9DC7FD1ECCED79001F0EB4 /* Validator.swift in Sources */,
				1A9DC7FF1ECE13DC001F0EB4 /* FieldValidationName.swift in Sources */,
				1AB1A0EA1ED7766400E40A6D /* SettingsViewModel.swift in Sources */,
				1AB1A0C01ED23A3D00E40A6D /* StoryboardIdentifiable.swift in Sources */,
				1A117BB31EC8E9C500B4D76F /* SignInViewModel.swift in Sources */,
				1AB1A0C21ED3844F00E40A6D /* DisplayableError.swift in Sources */,
				1A117BBC1EC8F45200B4D76F /* UIViewController+Storyboard.swift in Sources */,
				1A117BDD1ECC5DE200B4D76F /* UserService.swift in Sources */,
				1A117BD31ECC563F00B4D76F /* User.swift in Sources */,
				1AB1A0E41ED64C4600E40A6D /* SettingsViewController.swift in Sources */,
				1A9DC8011ECE41D1001F0EB4 /* UIViewController+SwiftNotifications.swift in Sources */,
				1AB1A0BC1ED22FB800E40A6D /* Wireframe.swift in Sources */,
				1A9DC7E61ECC6D52001F0EB4 /* UIViewController+HUD.swift in Sources */,
				1AB1A0BA1ED22E8D00E40A6D /* StoryboardWireframe.swift in Sources */,
				1A117BD51ECC5AA900B4D76F /* ApiClient.swift in Sources */,
			);
			runOnlyForDeploymentPostprocessing = 0;
		};
		1AED63EE1E83B16300F3FD53 /* Sources */ = {
			isa = PBXSourcesBuildPhase;
			buildActionMask = 2147483647;
			files = (
				1AED63F71E83B16300F3FD53 /* BooktrixTests.swift in Sources */,
			);
			runOnlyForDeploymentPostprocessing = 0;
		};
/* End PBXSourcesBuildPhase section */

/* Begin PBXTargetDependency section */
		1AED63F41E83B16300F3FD53 /* PBXTargetDependency */ = {
			isa = PBXTargetDependency;
			target = 1AED63DD1E83B16300F3FD53 /* Booktrix */;
			targetProxy = 1AED63F31E83B16300F3FD53 /* PBXContainerItemProxy */;
		};
/* End PBXTargetDependency section */

/* Begin PBXVariantGroup section */
		1A9DC7FA1ECCE541001F0EB4 /* Localizable.strings */ = {
			isa = PBXVariantGroup;
			children = (
				1A9DC7F91ECCE541001F0EB4 /* en */,
				1A9DC7FB1ECCE542001F0EB4 /* pl */,
			);
			name = Localizable.strings;
			sourceTree = "<group>";
		};
		1AED63EA1E83B16300F3FD53 /* LaunchScreen.storyboard */ = {
			isa = PBXVariantGroup;
			children = (
				1AED63EB1E83B16300F3FD53 /* Base */,
				1A9DC7EA1ECCD97C001F0EB4 /* pl */,
			);
			name = LaunchScreen.storyboard;
			sourceTree = "<group>";
		};
/* End PBXVariantGroup section */

/* Begin XCBuildConfiguration section */
		1AED63F91E83B16300F3FD53 /* DebugStaging */ = {
			isa = XCBuildConfiguration;
			baseConfigurationReference = 1AED64071E83B86800F3FD53 /* Booktrix-DebugStaging.xcconfig */;
			buildSettings = {
				ALWAYS_SEARCH_USER_PATHS = NO;
				CLANG_ANALYZER_LOCALIZABILITY_NONLOCALIZED = YES;
				CLANG_ANALYZER_NONNULL = YES;
				CLANG_CXX_LANGUAGE_STANDARD = "gnu++0x";
				CLANG_CXX_LIBRARY = "libc++";
				CLANG_ENABLE_MODULES = YES;
				CLANG_ENABLE_OBJC_ARC = YES;
				CLANG_WARN_BOOL_CONVERSION = YES;
				CLANG_WARN_CONSTANT_CONVERSION = YES;
				CLANG_WARN_DIRECT_OBJC_ISA_USAGE = YES_ERROR;
				CLANG_WARN_DOCUMENTATION_COMMENTS = YES;
				CLANG_WARN_EMPTY_BODY = YES;
				CLANG_WARN_ENUM_CONVERSION = YES;
				CLANG_WARN_INFINITE_RECURSION = YES;
				CLANG_WARN_INT_CONVERSION = YES;
				CLANG_WARN_OBJC_ROOT_CLASS = YES_ERROR;
				CLANG_WARN_SUSPICIOUS_MOVE = YES;
				CLANG_WARN_UNREACHABLE_CODE = YES;
				CLANG_WARN__DUPLICATE_METHOD_MATCH = YES;
				"CODE_SIGN_IDENTITY[sdk=iphoneos*]" = "iPhone Developer";
				COPY_PHASE_STRIP = NO;
				DEBUG_INFORMATION_FORMAT = dwarf;
				ENABLE_STRICT_OBJC_MSGSEND = YES;
				ENABLE_TESTABILITY = YES;
				GCC_C_LANGUAGE_STANDARD = gnu99;
				GCC_DYNAMIC_NO_PIC = NO;
				GCC_NO_COMMON_BLOCKS = YES;
				GCC_OPTIMIZATION_LEVEL = 0;
				GCC_PREPROCESSOR_DEFINITIONS = (
					"DEBUG=1",
					"$(inherited)",
				);
				GCC_WARN_64_TO_32_BIT_CONVERSION = YES;
				GCC_WARN_ABOUT_RETURN_TYPE = YES_ERROR;
				GCC_WARN_UNDECLARED_SELECTOR = YES;
				GCC_WARN_UNINITIALIZED_AUTOS = YES_AGGRESSIVE;
				GCC_WARN_UNUSED_FUNCTION = YES;
				GCC_WARN_UNUSED_VARIABLE = YES;
				IPHONEOS_DEPLOYMENT_TARGET = 9.2;
				MTL_ENABLE_DEBUG_INFO = YES;
				ONLY_ACTIVE_ARCH = YES;
				SDKROOT = iphoneos;
				SWIFT_ACTIVE_COMPILATION_CONDITIONS = DEBUG;
				SWIFT_OPTIMIZATION_LEVEL = "-Onone";
			};
			name = DebugStaging;
		};
		1AED63FA1E83B16300F3FD53 /* ReleaseStaging */ = {
			isa = XCBuildConfiguration;
			baseConfigurationReference = 1AED64041E83B7F200F3FD53 /* Booktrix-ReleaseStaging.xcconfig */;
			buildSettings = {
				ALWAYS_SEARCH_USER_PATHS = NO;
				CLANG_ANALYZER_LOCALIZABILITY_NONLOCALIZED = YES;
				CLANG_ANALYZER_NONNULL = YES;
				CLANG_CXX_LANGUAGE_STANDARD = "gnu++0x";
				CLANG_CXX_LIBRARY = "libc++";
				CLANG_ENABLE_MODULES = YES;
				CLANG_ENABLE_OBJC_ARC = YES;
				CLANG_WARN_BOOL_CONVERSION = YES;
				CLANG_WARN_CONSTANT_CONVERSION = YES;
				CLANG_WARN_DIRECT_OBJC_ISA_USAGE = YES_ERROR;
				CLANG_WARN_DOCUMENTATION_COMMENTS = YES;
				CLANG_WARN_EMPTY_BODY = YES;
				CLANG_WARN_ENUM_CONVERSION = YES;
				CLANG_WARN_INFINITE_RECURSION = YES;
				CLANG_WARN_INT_CONVERSION = YES;
				CLANG_WARN_OBJC_ROOT_CLASS = YES_ERROR;
				CLANG_WARN_SUSPICIOUS_MOVE = YES;
				CLANG_WARN_UNREACHABLE_CODE = YES;
				CLANG_WARN__DUPLICATE_METHOD_MATCH = YES;
				"CODE_SIGN_IDENTITY[sdk=iphoneos*]" = "iPhone Developer";
				COPY_PHASE_STRIP = NO;
				DEBUG_INFORMATION_FORMAT = "dwarf-with-dsym";
				ENABLE_NS_ASSERTIONS = NO;
				ENABLE_STRICT_OBJC_MSGSEND = YES;
				GCC_C_LANGUAGE_STANDARD = gnu99;
				GCC_NO_COMMON_BLOCKS = YES;
				GCC_WARN_64_TO_32_BIT_CONVERSION = YES;
				GCC_WARN_ABOUT_RETURN_TYPE = YES_ERROR;
				GCC_WARN_UNDECLARED_SELECTOR = YES;
				GCC_WARN_UNINITIALIZED_AUTOS = YES_AGGRESSIVE;
				GCC_WARN_UNUSED_FUNCTION = YES;
				GCC_WARN_UNUSED_VARIABLE = YES;
				IPHONEOS_DEPLOYMENT_TARGET = 9.2;
				MTL_ENABLE_DEBUG_INFO = NO;
				SDKROOT = iphoneos;
				SWIFT_OPTIMIZATION_LEVEL = "-Owholemodule";
				VALIDATE_PRODUCT = YES;
			};
			name = ReleaseStaging;
		};
		1AED63FC1E83B16300F3FD53 /* DebugStaging */ = {
			isa = XCBuildConfiguration;
			baseConfigurationReference = AB8D6C7292E28AEE06880C74 /* Pods-Booktrix.debugstaging.xcconfig */;
			buildSettings = {
				ASSETCATALOG_COMPILER_APPICON_NAME = AppIcon;
				FRAMEWORK_SEARCH_PATHS = (
					"$(inherited)",
					"$(PROJECT_DIR)/Carthage/Build/iOS",
					"$(PROJECT_DIR)/build/Debug-iphoneos/NotificationBannerSwift",
				);
				INFOPLIST_FILE = Booktrix/Info.plist;
				LD_RUNPATH_SEARCH_PATHS = "$(inherited) @executable_path/Frameworks";
				OTHER_SWIFT_FLAGS = "";
				PRODUCT_BUNDLE_IDENTIFIER = "${PRODUCT_BUNDLE_IDENTIFIER}";
				PRODUCT_NAME = "$(TARGET_NAME)";
				SWIFT_VERSION = 3.0;
			};
			name = DebugStaging;
		};
		1AED63FD1E83B16300F3FD53 /* ReleaseStaging */ = {
			isa = XCBuildConfiguration;
			baseConfigurationReference = 2D041C54874C291AD5781082 /* Pods-Booktrix.releasestaging.xcconfig */;
			buildSettings = {
				ASSETCATALOG_COMPILER_APPICON_NAME = AppIcon;
				FRAMEWORK_SEARCH_PATHS = (
					"$(inherited)",
					"$(PROJECT_DIR)/Carthage/Build/iOS",
					"$(PROJECT_DIR)/build/Debug-iphoneos/NotificationBannerSwift",
				);
				INFOPLIST_FILE = Booktrix/Info.plist;
				LD_RUNPATH_SEARCH_PATHS = "$(inherited) @executable_path/Frameworks";
				OTHER_SWIFT_FLAGS = "";
				PRODUCT_BUNDLE_IDENTIFIER = "${PRODUCT_BUNDLE_IDENTIFIER}";
				PRODUCT_NAME = "$(TARGET_NAME)";
				SWIFT_VERSION = 3.0;
			};
			name = ReleaseStaging;
		};
		1AED63FF1E83B16300F3FD53 /* DebugStaging */ = {
			isa = XCBuildConfiguration;
			baseConfigurationReference = 2BD756CACA1E3D35F2F406F6 /* Pods-BooktrixTests.debugstaging.xcconfig */;
			buildSettings = {
				ALWAYS_EMBED_SWIFT_STANDARD_LIBRARIES = YES;
				BUNDLE_LOADER = "$(TEST_HOST)";
				INFOPLIST_FILE = BooktrixTests/Info.plist;
				LD_RUNPATH_SEARCH_PATHS = "$(inherited) @executable_path/Frameworks @loader_path/Frameworks";
				PRODUCT_BUNDLE_IDENTIFIER = com.edu.BooktrixTests;
				PRODUCT_NAME = "$(TARGET_NAME)";
				SWIFT_VERSION = 3.0;
				TEST_HOST = "$(BUILT_PRODUCTS_DIR)/Booktrix.app/Booktrix";
			};
			name = DebugStaging;
		};
		1AED64001E83B16300F3FD53 /* ReleaseStaging */ = {
			isa = XCBuildConfiguration;
			baseConfigurationReference = 9F6F0D2180456C2472D1C38F /* Pods-BooktrixTests.releasestaging.xcconfig */;
			buildSettings = {
				ALWAYS_EMBED_SWIFT_STANDARD_LIBRARIES = YES;
				BUNDLE_LOADER = "$(TEST_HOST)";
				INFOPLIST_FILE = BooktrixTests/Info.plist;
				LD_RUNPATH_SEARCH_PATHS = "$(inherited) @executable_path/Frameworks @loader_path/Frameworks";
				PRODUCT_BUNDLE_IDENTIFIER = com.edu.BooktrixTests;
				PRODUCT_NAME = "$(TARGET_NAME)";
				SWIFT_VERSION = 3.0;
				TEST_HOST = "$(BUILT_PRODUCTS_DIR)/Booktrix.app/Booktrix";
			};
			name = ReleaseStaging;
		};
		1AED640B1E83B8E100F3FD53 /* DebugProduction */ = {
			isa = XCBuildConfiguration;
			baseConfigurationReference = 1AED64051E83B83000F3FD53 /* Booktrix-DebugProduction.xcconfig */;
			buildSettings = {
				ALWAYS_SEARCH_USER_PATHS = NO;
				CLANG_ANALYZER_LOCALIZABILITY_NONLOCALIZED = YES;
				CLANG_ANALYZER_NONNULL = YES;
				CLANG_CXX_LANGUAGE_STANDARD = "gnu++0x";
				CLANG_CXX_LIBRARY = "libc++";
				CLANG_ENABLE_MODULES = YES;
				CLANG_ENABLE_OBJC_ARC = YES;
				CLANG_WARN_BOOL_CONVERSION = YES;
				CLANG_WARN_CONSTANT_CONVERSION = YES;
				CLANG_WARN_DIRECT_OBJC_ISA_USAGE = YES_ERROR;
				CLANG_WARN_DOCUMENTATION_COMMENTS = YES;
				CLANG_WARN_EMPTY_BODY = YES;
				CLANG_WARN_ENUM_CONVERSION = YES;
				CLANG_WARN_INFINITE_RECURSION = YES;
				CLANG_WARN_INT_CONVERSION = YES;
				CLANG_WARN_OBJC_ROOT_CLASS = YES_ERROR;
				CLANG_WARN_SUSPICIOUS_MOVE = YES;
				CLANG_WARN_UNREACHABLE_CODE = YES;
				CLANG_WARN__DUPLICATE_METHOD_MATCH = YES;
				"CODE_SIGN_IDENTITY[sdk=iphoneos*]" = "iPhone Developer";
				COPY_PHASE_STRIP = NO;
				DEBUG_INFORMATION_FORMAT = dwarf;
				ENABLE_STRICT_OBJC_MSGSEND = YES;
				ENABLE_TESTABILITY = YES;
				GCC_C_LANGUAGE_STANDARD = gnu99;
				GCC_DYNAMIC_NO_PIC = NO;
				GCC_NO_COMMON_BLOCKS = YES;
				GCC_OPTIMIZATION_LEVEL = 0;
				GCC_PREPROCESSOR_DEFINITIONS = (
					"DEBUG=1",
					"$(inherited)",
				);
				GCC_WARN_64_TO_32_BIT_CONVERSION = YES;
				GCC_WARN_ABOUT_RETURN_TYPE = YES_ERROR;
				GCC_WARN_UNDECLARED_SELECTOR = YES;
				GCC_WARN_UNINITIALIZED_AUTOS = YES_AGGRESSIVE;
				GCC_WARN_UNUSED_FUNCTION = YES;
				GCC_WARN_UNUSED_VARIABLE = YES;
				IPHONEOS_DEPLOYMENT_TARGET = 9.2;
				MTL_ENABLE_DEBUG_INFO = YES;
				ONLY_ACTIVE_ARCH = YES;
				SDKROOT = iphoneos;
				SWIFT_ACTIVE_COMPILATION_CONDITIONS = DEBUG;
				SWIFT_OPTIMIZATION_LEVEL = "-Onone";
			};
			name = DebugProduction;
		};
		1AED640C1E83B8E100F3FD53 /* DebugProduction */ = {
			isa = XCBuildConfiguration;
			baseConfigurationReference = B31F42A04B78EEBCB5DB6030 /* Pods-Booktrix.debugproduction.xcconfig */;
			buildSettings = {
				ASSETCATALOG_COMPILER_APPICON_NAME = AppIcon;
				FRAMEWORK_SEARCH_PATHS = (
					"$(inherited)",
					"$(PROJECT_DIR)/Carthage/Build/iOS",
					"$(PROJECT_DIR)/build/Debug-iphoneos/NotificationBannerSwift",
				);
				INFOPLIST_FILE = Booktrix/Info.plist;
				LD_RUNPATH_SEARCH_PATHS = "$(inherited) @executable_path/Frameworks";
				OTHER_SWIFT_FLAGS = "";
				PRODUCT_BUNDLE_IDENTIFIER = "${PRODUCT_BUNDLE_IDENTIFIER}";
				PRODUCT_NAME = "$(TARGET_NAME)";
				SWIFT_VERSION = 3.0;
			};
			name = DebugProduction;
		};
		1AED640D1E83B8E100F3FD53 /* DebugProduction */ = {
			isa = XCBuildConfiguration;
			baseConfigurationReference = CD269544E709BCBF166FEA0B /* Pods-BooktrixTests.debugproduction.xcconfig */;
			buildSettings = {
				ALWAYS_EMBED_SWIFT_STANDARD_LIBRARIES = YES;
				BUNDLE_LOADER = "$(TEST_HOST)";
				INFOPLIST_FILE = BooktrixTests/Info.plist;
				LD_RUNPATH_SEARCH_PATHS = "$(inherited) @executable_path/Frameworks @loader_path/Frameworks";
				PRODUCT_BUNDLE_IDENTIFIER = com.edu.BooktrixTests;
				PRODUCT_NAME = "$(TARGET_NAME)";
				SWIFT_VERSION = 3.0;
				TEST_HOST = "$(BUILT_PRODUCTS_DIR)/Booktrix.app/Booktrix";
			};
			name = DebugProduction;
		};
		1AED640E1E83B8E400F3FD53 /* ReleaseProduction */ = {
			isa = XCBuildConfiguration;
			baseConfigurationReference = 1AED64061E83B85400F3FD53 /* Booktrix-ReleaseProduction.xcconfig */;
			buildSettings = {
				ALWAYS_SEARCH_USER_PATHS = NO;
				CLANG_ANALYZER_LOCALIZABILITY_NONLOCALIZED = YES;
				CLANG_ANALYZER_NONNULL = YES;
				CLANG_CXX_LANGUAGE_STANDARD = "gnu++0x";
				CLANG_CXX_LIBRARY = "libc++";
				CLANG_ENABLE_MODULES = YES;
				CLANG_ENABLE_OBJC_ARC = YES;
				CLANG_WARN_BOOL_CONVERSION = YES;
				CLANG_WARN_CONSTANT_CONVERSION = YES;
				CLANG_WARN_DIRECT_OBJC_ISA_USAGE = YES_ERROR;
				CLANG_WARN_DOCUMENTATION_COMMENTS = YES;
				CLANG_WARN_EMPTY_BODY = YES;
				CLANG_WARN_ENUM_CONVERSION = YES;
				CLANG_WARN_INFINITE_RECURSION = YES;
				CLANG_WARN_INT_CONVERSION = YES;
				CLANG_WARN_OBJC_ROOT_CLASS = YES_ERROR;
				CLANG_WARN_SUSPICIOUS_MOVE = YES;
				CLANG_WARN_UNREACHABLE_CODE = YES;
				CLANG_WARN__DUPLICATE_METHOD_MATCH = YES;
				"CODE_SIGN_IDENTITY[sdk=iphoneos*]" = "iPhone Developer";
				COPY_PHASE_STRIP = NO;
				DEBUG_INFORMATION_FORMAT = "dwarf-with-dsym";
				ENABLE_NS_ASSERTIONS = NO;
				ENABLE_STRICT_OBJC_MSGSEND = YES;
				GCC_C_LANGUAGE_STANDARD = gnu99;
				GCC_NO_COMMON_BLOCKS = YES;
				GCC_WARN_64_TO_32_BIT_CONVERSION = YES;
				GCC_WARN_ABOUT_RETURN_TYPE = YES_ERROR;
				GCC_WARN_UNDECLARED_SELECTOR = YES;
				GCC_WARN_UNINITIALIZED_AUTOS = YES_AGGRESSIVE;
				GCC_WARN_UNUSED_FUNCTION = YES;
				GCC_WARN_UNUSED_VARIABLE = YES;
				IPHONEOS_DEPLOYMENT_TARGET = 9.2;
				MTL_ENABLE_DEBUG_INFO = NO;
				SDKROOT = iphoneos;
				SWIFT_OPTIMIZATION_LEVEL = "-Owholemodule";
				VALIDATE_PRODUCT = YES;
			};
			name = ReleaseProduction;
		};
		1AED640F1E83B8E400F3FD53 /* ReleaseProduction */ = {
			isa = XCBuildConfiguration;
			baseConfigurationReference = 5505B480A87C70D49B005FD9 /* Pods-Booktrix.releaseproduction.xcconfig */;
			buildSettings = {
				ASSETCATALOG_COMPILER_APPICON_NAME = AppIcon;
				FRAMEWORK_SEARCH_PATHS = (
					"$(inherited)",
					"$(PROJECT_DIR)/Carthage/Build/iOS",
					"$(PROJECT_DIR)/build/Debug-iphoneos/NotificationBannerSwift",
				);
				INFOPLIST_FILE = Booktrix/Info.plist;
				LD_RUNPATH_SEARCH_PATHS = "$(inherited) @executable_path/Frameworks";
				OTHER_SWIFT_FLAGS = "";
				PRODUCT_BUNDLE_IDENTIFIER = "${PRODUCT_BUNDLE_IDENTIFIER}";
				PRODUCT_NAME = "$(TARGET_NAME)";
				SWIFT_VERSION = 3.0;
			};
			name = ReleaseProduction;
		};
		1AED64101E83B8E400F3FD53 /* ReleaseProduction */ = {
			isa = XCBuildConfiguration;
			baseConfigurationReference = 20FEB10A9E7762F8541EA063 /* Pods-BooktrixTests.releaseproduction.xcconfig */;
			buildSettings = {
				ALWAYS_EMBED_SWIFT_STANDARD_LIBRARIES = YES;
				BUNDLE_LOADER = "$(TEST_HOST)";
				INFOPLIST_FILE = BooktrixTests/Info.plist;
				LD_RUNPATH_SEARCH_PATHS = "$(inherited) @executable_path/Frameworks @loader_path/Frameworks";
				PRODUCT_BUNDLE_IDENTIFIER = com.edu.BooktrixTests;
				PRODUCT_NAME = "$(TARGET_NAME)";
				SWIFT_VERSION = 3.0;
				TEST_HOST = "$(BUILT_PRODUCTS_DIR)/Booktrix.app/Booktrix";
			};
			name = ReleaseProduction;
		};
/* End XCBuildConfiguration section */

/* Begin XCConfigurationList section */
		1AED63D91E83B16300F3FD53 /* Build configuration list for PBXProject "Booktrix" */ = {
			isa = XCConfigurationList;
			buildConfigurations = (
				1AED63F91E83B16300F3FD53 /* DebugStaging */,
				1AED640B1E83B8E100F3FD53 /* DebugProduction */,
				1AED63FA1E83B16300F3FD53 /* ReleaseStaging */,
				1AED640E1E83B8E400F3FD53 /* ReleaseProduction */,
			);
			defaultConfigurationIsVisible = 0;
			defaultConfigurationName = ReleaseStaging;
		};
		1AED63FB1E83B16300F3FD53 /* Build configuration list for PBXNativeTarget "Booktrix" */ = {
			isa = XCConfigurationList;
			buildConfigurations = (
				1AED63FC1E83B16300F3FD53 /* DebugStaging */,
				1AED640C1E83B8E100F3FD53 /* DebugProduction */,
				1AED63FD1E83B16300F3FD53 /* ReleaseStaging */,
				1AED640F1E83B8E400F3FD53 /* ReleaseProduction */,
			);
			defaultConfigurationIsVisible = 0;
			defaultConfigurationName = ReleaseStaging;
		};
		1AED63FE1E83B16300F3FD53 /* Build configuration list for PBXNativeTarget "BooktrixTests" */ = {
			isa = XCConfigurationList;
			buildConfigurations = (
				1AED63FF1E83B16300F3FD53 /* DebugStaging */,
				1AED640D1E83B8E100F3FD53 /* DebugProduction */,
				1AED64001E83B16300F3FD53 /* ReleaseStaging */,
				1AED64101E83B8E400F3FD53 /* ReleaseProduction */,
			);
			defaultConfigurationIsVisible = 0;
			defaultConfigurationName = ReleaseStaging;
		};
/* End XCConfigurationList section */
	};
	rootObject = 1AED63D61E83B16300F3FD53 /* Project object */;
}
